// !$*UTF8*$!
{
	archiveVersion = 1;
	classes = {
	};
	objectVersion = 50;
	objects = {

/* Begin PBXBuildFile section */
		4F16BAA123AF23A700E905D3 /* dense_m.metal in Sources */ = {isa = PBXBuildFile; fileRef = 4F16BAA023AF23A700E905D3 /* dense_m.metal */; };
		4F16BAA323AF256D00E905D3 /* Dense+Metal.swift in Sources */ = {isa = PBXBuildFile; fileRef = 4F16BAA223AF256D00E905D3 /* Dense+Metal.swift */; };
		4F276C9D23C0754000D0403A /* Forwardable.swift in Sources */ = {isa = PBXBuildFile; fileRef = 4F276C9C23C0754000D0403A /* Forwardable.swift */; };
		4F276C9F23C07FC100D0403A /* NormalRandom.swift in Sources */ = {isa = PBXBuildFile; fileRef = 4F276C9E23C07FC100D0403A /* NormalRandom.swift */; };
		4F35810F2351B1050037C87D /* main.swift in Sources */ = {isa = PBXBuildFile; fileRef = 4F35810E2351B1050037C87D /* main.swift */; };
		4F3581192351EF820037C87D /* Dense.swift in Sources */ = {isa = PBXBuildFile; fileRef = 4F3581182351EF820037C87D /* Dense.swift */; };
		4F35811B2351F4060037C87D /* Sequential.swift in Sources */ = {isa = PBXBuildFile; fileRef = 4F35811A2351F4060037C87D /* Sequential.swift */; };
		4F35811D2351F4660037C87D /* Layer.swift in Sources */ = {isa = PBXBuildFile; fileRef = 4F35811C2351F4660037C87D /* Layer.swift */; };
		4F35811F2351F6ED0037C87D /* Container.swift in Sources */ = {isa = PBXBuildFile; fileRef = 4F35811E2351F6ED0037C87D /* Container.swift */; };
		4F3581212351FA590037C87D /* Loss.swift in Sources */ = {isa = PBXBuildFile; fileRef = 4F3581202351FA590037C87D /* Loss.swift */; };
		4F3581232351FCDC0037C87D /* ReLU.swift in Sources */ = {isa = PBXBuildFile; fileRef = 4F3581222351FCDC0037C87D /* ReLU.swift */; };
		4F59065F23D0BC5600FE4E8A /* AutoRunner.swift in Sources */ = {isa = PBXBuildFile; fileRef = 4F59065E23D0BC5600FE4E8A /* AutoRunner.swift */; };
		4F5906EF23D21C0000FE4E8A /* MNISTReader.swift in Sources */ = {isa = PBXBuildFile; fileRef = 4F5906EE23D21C0000FE4E8A /* MNISTReader.swift */; };
		4F5A36D723C4A3EA00D01E89 /* Step+Metal.swift in Sources */ = {isa = PBXBuildFile; fileRef = 4F5A36D623C4A3EA00D01E89 /* Step+Metal.swift */; };
		4F5A36D923C4A98A00D01E89 /* step_m.metal in Sources */ = {isa = PBXBuildFile; fileRef = 4F5A36D823C4A98A00D01E89 /* step_m.metal */; };
		4F5E37CB23C373B4001546DC /* ThreadPool.swift in Sources */ = {isa = PBXBuildFile; fileRef = 4F5E37CA23C373B4001546DC /* ThreadPool.swift */; };
		4F8661C623B7AFA300629889 /* relu_m.metal in Sources */ = {isa = PBXBuildFile; fileRef = 4F8661C523B7AFA300629889 /* relu_m.metal */; };
		4F8661C823B7AFBF00629889 /* ReLU+Metal.swift in Sources */ = {isa = PBXBuildFile; fileRef = 4F8661C723B7AFBF00629889 /* ReLU+Metal.swift */; };
		4F8661CA23B7B6A600629889 /* maxpool_m.metal in Sources */ = {isa = PBXBuildFile; fileRef = 4F8661C923B7B6A600629889 /* maxpool_m.metal */; };
		4F8661CC23B7B6B500629889 /* MaxPool+Metal.swift in Sources */ = {isa = PBXBuildFile; fileRef = 4F8661CB23B7B6B500629889 /* MaxPool+Metal.swift */; };
		4F8661D023B8884200629889 /* Cifar10Reader.swift in Sources */ = {isa = PBXBuildFile; fileRef = 4F8661CF23B8884200629889 /* Cifar10Reader.swift */; };
		4F8661E523B9E63A00629889 /* ModelStorage.swift in Sources */ = {isa = PBXBuildFile; fileRef = 4F8661E423B9E63A00629889 /* ModelStorage.swift */; };
		4F8661EB23BA49C300629889 /* BaseLayer.swift in Sources */ = {isa = PBXBuildFile; fileRef = 4F8661EA23BA49C300629889 /* BaseLayer.swift */; };
		4F8661ED23BA4B2D00629889 /* BaseContainer.swift in Sources */ = {isa = PBXBuildFile; fileRef = 4F8661EC23BA4B2D00629889 /* BaseContainer.swift */; };
		4F8661F123BCC84B00629889 /* Storagable.swift in Sources */ = {isa = PBXBuildFile; fileRef = 4F8661F023BCC84B00629889 /* Storagable.swift */; };
		4F9060FC23B49D2400B26B12 /* conv_m.metal in Sources */ = {isa = PBXBuildFile; fileRef = 4F9060FB23B49D2400B26B12 /* conv_m.metal */; };
		4F9060FE23B49D3F00B26B12 /* Conv+Metal.swift in Sources */ = {isa = PBXBuildFile; fileRef = 4F9060FD23B49D3F00B26B12 /* Conv+Metal.swift */; };
		4F9B11B923D85812006B9CCF /* AveragePool.swift in Sources */ = {isa = PBXBuildFile; fileRef = 4F9B11B823D85812006B9CCF /* AveragePool.swift */; };
		4F9B11BB23D86BE1006B9CCF /* AveragePool+Metal.swift in Sources */ = {isa = PBXBuildFile; fileRef = 4F9B11BA23D86BE1006B9CCF /* AveragePool+Metal.swift */; };
		4F9B11BD23D86BF1006B9CCF /* averagepool_m.metal in Sources */ = {isa = PBXBuildFile; fileRef = 4F9B11BC23D86BF1006B9CCF /* averagepool_m.metal */; };
		4F9B11C023D86DBB006B9CCF /* BasePool.swift in Sources */ = {isa = PBXBuildFile; fileRef = 4F9B11BF23D86DBB006B9CCF /* BasePool.swift */; };
		4FA87003239D404C0043D957 /* NNArray.swift in Sources */ = {isa = PBXBuildFile; fileRef = 4FA87002239D404C0043D957 /* NNArray.swift */; };
		4FA87005239D41710043D957 /* Conv.swift in Sources */ = {isa = PBXBuildFile; fileRef = 4FA87004239D41710043D957 /* Conv.swift */; };
		4FA9E9BE23A21590003C6730 /* LLVector.swift in Sources */ = {isa = PBXBuildFile; fileRef = 4FA9E9BD23A21590003C6730 /* LLVector.swift */; };
		4FB50DD223D2E2FB00D531F3 /* MNISTModel.swift in Sources */ = {isa = PBXBuildFile; fileRef = 4FB50DD123D2E2FB00D531F3 /* MNISTModel.swift */; };
		4FBC046F23ACF8CA0072B9BE /* ImageReader.swift in Sources */ = {isa = PBXBuildFile; fileRef = 4FBC046E23ACF8CA0072B9BE /* ImageReader.swift */; };
		4FBF5CB423B10071006763CB /* Core.swift in Sources */ = {isa = PBXBuildFile; fileRef = 4FBF5CB323B10070006763CB /* Core.swift */; };
		4FC2B38623D49AD700418EE6 /* metal_utils.metal in Sources */ = {isa = PBXBuildFile; fileRef = 4FC2B38523D49AD700418EE6 /* metal_utils.metal */; };
		4FC30B6223AB821C00D27427 /* MaxPool.swift in Sources */ = {isa = PBXBuildFile; fileRef = 4FC30B6123AB821C00D27427 /* MaxPool.swift */; };
		4FEF5C4123CDA7F000E026D2 /* svm.swift in Sources */ = {isa = PBXBuildFile; fileRef = 4FEF5C4023CDA7F000E026D2 /* svm.swift */; };
		4FEF5C4323CDA81200E026D2 /* d2.swift in Sources */ = {isa = PBXBuildFile; fileRef = 4FEF5C4223CDA81200E026D2 /* d2.swift */; };
/* End PBXBuildFile section */

/* Begin PBXCopyFilesBuildPhase section */
		4F3581092351B1040037C87D /* CopyFiles */ = {
			isa = PBXCopyFilesBuildPhase;
			buildActionMask = 2147483647;
			dstPath = /usr/share/man/man1/;
			dstSubfolderSpec = 0;
			files = (
			);
			runOnlyForDeploymentPostprocessing = 1;
		};
/* End PBXCopyFilesBuildPhase section */

/* Begin PBXFileReference section */
		4F16BAA023AF23A700E905D3 /* dense_m.metal */ = {isa = PBXFileReference; fileEncoding = 4; lastKnownFileType = sourcecode.metal; path = dense_m.metal; sourceTree = "<group>"; };
		4F16BAA223AF256D00E905D3 /* Dense+Metal.swift */ = {isa = PBXFileReference; lastKnownFileType = sourcecode.swift; path = "Dense+Metal.swift"; sourceTree = "<group>"; };
		4F276C9C23C0754000D0403A /* Forwardable.swift */ = {isa = PBXFileReference; lastKnownFileType = sourcecode.swift; path = Forwardable.swift; sourceTree = "<group>"; };
		4F276C9E23C07FC100D0403A /* NormalRandom.swift */ = {isa = PBXFileReference; lastKnownFileType = sourcecode.swift; path = NormalRandom.swift; sourceTree = "<group>"; };
		4F35810B2351B1050037C87D /* nn */ = {isa = PBXFileReference; explicitFileType = "compiled.mach-o.executable"; includeInIndex = 0; path = nn; sourceTree = BUILT_PRODUCTS_DIR; };
		4F35810E2351B1050037C87D /* main.swift */ = {isa = PBXFileReference; lastKnownFileType = sourcecode.swift; path = main.swift; sourceTree = "<group>"; };
		4F3581182351EF820037C87D /* Dense.swift */ = {isa = PBXFileReference; lastKnownFileType = sourcecode.swift; path = Dense.swift; sourceTree = "<group>"; };
		4F35811A2351F4060037C87D /* Sequential.swift */ = {isa = PBXFileReference; lastKnownFileType = sourcecode.swift; path = Sequential.swift; sourceTree = "<group>"; };
		4F35811C2351F4660037C87D /* Layer.swift */ = {isa = PBXFileReference; lastKnownFileType = sourcecode.swift; path = Layer.swift; sourceTree = "<group>"; };
		4F35811E2351F6ED0037C87D /* Container.swift */ = {isa = PBXFileReference; lastKnownFileType = sourcecode.swift; path = Container.swift; sourceTree = "<group>"; };
		4F3581202351FA590037C87D /* Loss.swift */ = {isa = PBXFileReference; lastKnownFileType = sourcecode.swift; path = Loss.swift; sourceTree = "<group>"; };
		4F3581222351FCDC0037C87D /* ReLU.swift */ = {isa = PBXFileReference; lastKnownFileType = sourcecode.swift; path = ReLU.swift; sourceTree = "<group>"; };
		4F59065E23D0BC5600FE4E8A /* AutoRunner.swift */ = {isa = PBXFileReference; lastKnownFileType = sourcecode.swift; path = AutoRunner.swift; sourceTree = "<group>"; };
		4F5906EE23D21C0000FE4E8A /* MNISTReader.swift */ = {isa = PBXFileReference; lastKnownFileType = sourcecode.swift; path = MNISTReader.swift; sourceTree = "<group>"; };
		4F5A36D623C4A3EA00D01E89 /* Step+Metal.swift */ = {isa = PBXFileReference; lastKnownFileType = sourcecode.swift; path = "Step+Metal.swift"; sourceTree = "<group>"; };
		4F5A36D823C4A98A00D01E89 /* step_m.metal */ = {isa = PBXFileReference; lastKnownFileType = sourcecode.metal; path = step_m.metal; sourceTree = "<group>"; };
		4F5E37CA23C373B4001546DC /* ThreadPool.swift */ = {isa = PBXFileReference; lastKnownFileType = sourcecode.swift; path = ThreadPool.swift; sourceTree = "<group>"; };
		4F8661C523B7AFA300629889 /* relu_m.metal */ = {isa = PBXFileReference; lastKnownFileType = sourcecode.metal; path = relu_m.metal; sourceTree = "<group>"; };
		4F8661C723B7AFBF00629889 /* ReLU+Metal.swift */ = {isa = PBXFileReference; lastKnownFileType = sourcecode.swift; path = "ReLU+Metal.swift"; sourceTree = "<group>"; };
		4F8661C923B7B6A600629889 /* maxpool_m.metal */ = {isa = PBXFileReference; lastKnownFileType = sourcecode.metal; path = maxpool_m.metal; sourceTree = "<group>"; };
		4F8661CB23B7B6B500629889 /* MaxPool+Metal.swift */ = {isa = PBXFileReference; lastKnownFileType = sourcecode.swift; path = "MaxPool+Metal.swift"; sourceTree = "<group>"; };
		4F8661CF23B8884200629889 /* Cifar10Reader.swift */ = {isa = PBXFileReference; lastKnownFileType = sourcecode.swift; path = Cifar10Reader.swift; sourceTree = "<group>"; };
		4F8661E423B9E63A00629889 /* ModelStorage.swift */ = {isa = PBXFileReference; lastKnownFileType = sourcecode.swift; path = ModelStorage.swift; sourceTree = "<group>"; };
		4F8661EA23BA49C300629889 /* BaseLayer.swift */ = {isa = PBXFileReference; lastKnownFileType = sourcecode.swift; path = BaseLayer.swift; sourceTree = "<group>"; };
		4F8661EC23BA4B2D00629889 /* BaseContainer.swift */ = {isa = PBXFileReference; lastKnownFileType = sourcecode.swift; path = BaseContainer.swift; sourceTree = "<group>"; };
		4F8661F023BCC84B00629889 /* Storagable.swift */ = {isa = PBXFileReference; lastKnownFileType = sourcecode.swift; path = Storagable.swift; sourceTree = "<group>"; };
		4F9060FB23B49D2400B26B12 /* conv_m.metal */ = {isa = PBXFileReference; lastKnownFileType = sourcecode.metal; path = conv_m.metal; sourceTree = "<group>"; };
		4F9060FD23B49D3F00B26B12 /* Conv+Metal.swift */ = {isa = PBXFileReference; lastKnownFileType = sourcecode.swift; path = "Conv+Metal.swift"; sourceTree = "<group>"; };
		4F9B11B823D85812006B9CCF /* AveragePool.swift */ = {isa = PBXFileReference; lastKnownFileType = sourcecode.swift; path = AveragePool.swift; sourceTree = "<group>"; };
		4F9B11BA23D86BE1006B9CCF /* AveragePool+Metal.swift */ = {isa = PBXFileReference; lastKnownFileType = sourcecode.swift; path = "AveragePool+Metal.swift"; sourceTree = "<group>"; };
		4F9B11BC23D86BF1006B9CCF /* averagepool_m.metal */ = {isa = PBXFileReference; lastKnownFileType = sourcecode.metal; path = averagepool_m.metal; sourceTree = "<group>"; };
		4F9B11BF23D86DBB006B9CCF /* BasePool.swift */ = {isa = PBXFileReference; lastKnownFileType = sourcecode.swift; path = BasePool.swift; sourceTree = "<group>"; };
		4FA87002239D404C0043D957 /* NNArray.swift */ = {isa = PBXFileReference; fileEncoding = 4; lastKnownFileType = sourcecode.swift; path = NNArray.swift; sourceTree = "<group>"; };
		4FA87004239D41710043D957 /* Conv.swift */ = {isa = PBXFileReference; lastKnownFileType = sourcecode.swift; path = Conv.swift; sourceTree = "<group>"; };
		4FA9E9BD23A21590003C6730 /* LLVector.swift */ = {isa = PBXFileReference; fileEncoding = 4; lastKnownFileType = sourcecode.swift; path = LLVector.swift; sourceTree = "<group>"; };
		4FB50DD123D2E2FB00D531F3 /* MNISTModel.swift */ = {isa = PBXFileReference; lastKnownFileType = sourcecode.swift; path = MNISTModel.swift; sourceTree = "<group>"; };
		4FBC046E23ACF8CA0072B9BE /* ImageReader.swift */ = {isa = PBXFileReference; lastKnownFileType = sourcecode.swift; path = ImageReader.swift; sourceTree = "<group>"; };
		4FBF5CB323B10070006763CB /* Core.swift */ = {isa = PBXFileReference; fileEncoding = 4; lastKnownFileType = sourcecode.swift; path = Core.swift; sourceTree = "<group>"; };
		4FC2B38423D49AAF00418EE6 /* metal_utils.h */ = {isa = PBXFileReference; lastKnownFileType = sourcecode.c.h; path = metal_utils.h; sourceTree = "<group>"; };
		4FC2B38523D49AD700418EE6 /* metal_utils.metal */ = {isa = PBXFileReference; lastKnownFileType = sourcecode.metal; path = metal_utils.metal; sourceTree = "<group>"; };
		4FC30B6123AB821C00D27427 /* MaxPool.swift */ = {isa = PBXFileReference; lastKnownFileType = sourcecode.swift; path = MaxPool.swift; sourceTree = "<group>"; };
		4FEF5C4023CDA7F000E026D2 /* svm.swift */ = {isa = PBXFileReference; lastKnownFileType = sourcecode.swift; path = svm.swift; sourceTree = "<group>"; };
		4FEF5C4223CDA81200E026D2 /* d2.swift */ = {isa = PBXFileReference; lastKnownFileType = sourcecode.swift; path = d2.swift; sourceTree = "<group>"; };
/* End PBXFileReference section */

/* Begin PBXFrameworksBuildPhase section */
		4F3581082351B1040037C87D /* Frameworks */ = {
			isa = PBXFrameworksBuildPhase;
			buildActionMask = 2147483647;
			files = (
			);
			runOnlyForDeploymentPostprocessing = 0;
		};
/* End PBXFrameworksBuildPhase section */

/* Begin PBXGroup section */
		4F16BA9823AF210E00E905D3 /* Metal */ = {
			isa = PBXGroup;
			children = (
				4FBF5CB323B10070006763CB /* Core.swift */,
				4FC2B38423D49AAF00418EE6 /* metal_utils.h */,
				4FC2B38523D49AD700418EE6 /* metal_utils.metal */,
			);
			path = Metal;
			sourceTree = "<group>";
		};
		4F276C9B23C0750500D0403A /* forwardable */ = {
			isa = PBXGroup;
			children = (
				4F276C9C23C0754000D0403A /* Forwardable.swift */,
				4F29062B239385F800ABCF34 /* Container */,
				4F29062A239385D800ABCF34 /* Layer */,
			);
			path = forwardable;
			sourceTree = "<group>";
		};
		4F29062A239385D800ABCF34 /* Layer */ = {
			isa = PBXGroup;
			children = (
				4F35811C2351F4660037C87D /* Layer.swift */,
				4F8661EA23BA49C300629889 /* BaseLayer.swift */,
				4F9B11BE23D86DA5006B9CCF /* Pool */,
				4F37AA2223C8CE51007B0581 /* Conv */,
				4F37AA2123C8CCF3007B0581 /* ReLU */,
				4F5A299823C6272E00862031 /* Dense */,
			);
			path = Layer;
			sourceTree = "<group>";
		};
		4F29062B239385F800ABCF34 /* Container */ = {
			isa = PBXGroup;
			children = (
				4F35811E2351F6ED0037C87D /* Container.swift */,
				4F8661EC23BA4B2D00629889 /* BaseContainer.swift */,
				4F35811A2351F4060037C87D /* Sequential.swift */,
			);
			path = Container;
			sourceTree = "<group>";
		};
		4F29062C2393860C00ABCF34 /* utils */ = {
			isa = PBXGroup;
			children = (
				4F8661CE23B887FD00629889 /* IO */,
				4F8661CD23B887AB00629889 /* Data Struct */,
				4F16BA9823AF210E00E905D3 /* Metal */,
			);
			path = utils;
			sourceTree = "<group>";
		};
		4F3581022351B1040037C87D = {
			isa = PBXGroup;
			children = (
				4F35810D2351B1050037C87D /* nn */,
				4F35810C2351B1050037C87D /* Products */,
			);
			sourceTree = "<group>";
		};
		4F35810C2351B1050037C87D /* Products */ = {
			isa = PBXGroup;
			children = (
				4F35810B2351B1050037C87D /* nn */,
			);
			name = Products;
			sourceTree = "<group>";
		};
		4F35810D2351B1050037C87D /* nn */ = {
			isa = PBXGroup;
			children = (
				4F5906ED23D21BC800FE4E8A /* model */,
				4F3581172351EF3C0037C87D /* nn */,
				4F35810E2351B1050037C87D /* main.swift */,
			);
			path = nn;
			sourceTree = "<group>";
		};
		4F3581172351EF3C0037C87D /* nn */ = {
			isa = PBXGroup;
			children = (
				4F37AA2523C8CEBD007B0581 /* loss */,
				4F29062C2393860C00ABCF34 /* utils */,
				4F276C9B23C0750500D0403A /* forwardable */,
			);
			path = nn;
			sourceTree = "<group>";
		};
		4F37AA2123C8CCF3007B0581 /* ReLU */ = {
			isa = PBXGroup;
			children = (
				4F3581222351FCDC0037C87D /* ReLU.swift */,
				4F8661C723B7AFBF00629889 /* ReLU+Metal.swift */,
				4F8661C523B7AFA300629889 /* relu_m.metal */,
			);
			path = ReLU;
			sourceTree = "<group>";
		};
		4F37AA2223C8CE51007B0581 /* Conv */ = {
			isa = PBXGroup;
			children = (
				4FA87004239D41710043D957 /* Conv.swift */,
				4F9060FD23B49D3F00B26B12 /* Conv+Metal.swift */,
				4F9060FB23B49D2400B26B12 /* conv_m.metal */,
			);
			path = Conv;
			sourceTree = "<group>";
		};
		4F37AA2323C8CE68007B0581 /* MaxPool */ = {
			isa = PBXGroup;
			children = (
				4FC30B6123AB821C00D27427 /* MaxPool.swift */,
				4F8661CB23B7B6B500629889 /* MaxPool+Metal.swift */,
				4F8661C923B7B6A600629889 /* maxpool_m.metal */,
			);
			path = MaxPool;
			sourceTree = "<group>";
		};
		4F37AA2523C8CEBD007B0581 /* loss */ = {
			isa = PBXGroup;
			children = (
				4FEF5C3F23CDA7DF00E026D2 /* Loss */,
				4F37AA2623C8CEE5007B0581 /* Step */,
			);
			path = loss;
			sourceTree = "<group>";
		};
		4F37AA2623C8CEE5007B0581 /* Step */ = {
			isa = PBXGroup;
			children = (
				4F5A36D623C4A3EA00D01E89 /* Step+Metal.swift */,
				4F5A36D823C4A98A00D01E89 /* step_m.metal */,
			);
			path = Step;
			sourceTree = "<group>";
		};
		4F59065D23D0BBC200FE4E8A /* Sync */ = {
			isa = PBXGroup;
			children = (
				4F5E37CA23C373B4001546DC /* ThreadPool.swift */,
				4F59065E23D0BC5600FE4E8A /* AutoRunner.swift */,
			);
			path = Sync;
			sourceTree = "<group>";
		};
		4F5906ED23D21BC800FE4E8A /* model */ = {
			isa = PBXGroup;
			children = (
				4FB50DD123D2E2FB00D531F3 /* MNISTModel.swift */,
			);
			path = model;
			sourceTree = "<group>";
		};
		4F5A299823C6272E00862031 /* Dense */ = {
			isa = PBXGroup;
			children = (
				4F3581182351EF820037C87D /* Dense.swift */,
				4F16BAA223AF256D00E905D3 /* Dense+Metal.swift */,
				4F16BAA023AF23A700E905D3 /* dense_m.metal */,
			);
			path = Dense;
			sourceTree = "<group>";
		};
		4F8661CD23B887AB00629889 /* Data Struct */ = {
			isa = PBXGroup;
			children = (
				4FA9E9BD23A21590003C6730 /* LLVector.swift */,
				4FA87002239D404C0043D957 /* NNArray.swift */,
				4F276C9E23C07FC100D0403A /* NormalRandom.swift */,
			);
			path = "Data Struct";
			sourceTree = "<group>";
		};
		4F8661CE23B887FD00629889 /* IO */ = {
			isa = PBXGroup;
			children = (
				4F59065D23D0BBC200FE4E8A /* Sync */,
				4F8661E723B9F44200629889 /* Image */,
				4F8661E623B9F43900629889 /* Model */,
			);
			path = IO;
			sourceTree = "<group>";
		};
		4F8661E623B9F43900629889 /* Model */ = {
			isa = PBXGroup;
			children = (
				4F8661E423B9E63A00629889 /* ModelStorage.swift */,
				4F8661F023BCC84B00629889 /* Storagable.swift */,
			);
			path = Model;
			sourceTree = "<group>";
		};
		4F8661E723B9F44200629889 /* Image */ = {
			isa = PBXGroup;
			children = (
				4FBC046E23ACF8CA0072B9BE /* ImageReader.swift */,
				4F8661CF23B8884200629889 /* Cifar10Reader.swift */,
				4F5906EE23D21C0000FE4E8A /* MNISTReader.swift */,
			);
			path = Image;
			sourceTree = "<group>";
		};
		4F9B11B723D857F7006B9CCF /* AveragePool */ = {
			isa = PBXGroup;
			children = (
				4F9B11B823D85812006B9CCF /* AveragePool.swift */,
				4F9B11BA23D86BE1006B9CCF /* AveragePool+Metal.swift */,
				4F9B11BC23D86BF1006B9CCF /* averagepool_m.metal */,
			);
			path = AveragePool;
			sourceTree = "<group>";
		};
		4F9B11BE23D86DA5006B9CCF /* Pool */ = {
			isa = PBXGroup;
			children = (
				4F9B11BF23D86DBB006B9CCF /* BasePool.swift */,
				4F37AA2323C8CE68007B0581 /* MaxPool */,
				4F9B11B723D857F7006B9CCF /* AveragePool */,
			);
			path = Pool;
			sourceTree = "<group>";
		};
		4FEF5C3F23CDA7DF00E026D2 /* Loss */ = {
			isa = PBXGroup;
			children = (
				4F3581202351FA590037C87D /* Loss.swift */,
				4FEF5C4023CDA7F000E026D2 /* svm.swift */,
				4FEF5C4223CDA81200E026D2 /* d2.swift */,
			);
			path = Loss;
			sourceTree = "<group>";
		};
/* End PBXGroup section */

/* Begin PBXNativeTarget section */
		4F35810A2351B1040037C87D /* nn */ = {
			isa = PBXNativeTarget;
			buildConfigurationList = 4F3581122351B1050037C87D /* Build configuration list for PBXNativeTarget "nn" */;
			buildPhases = (
				4F3581072351B1040037C87D /* Sources */,
				4F3581082351B1040037C87D /* Frameworks */,
				4F3581092351B1040037C87D /* CopyFiles */,
			);
			buildRules = (
			);
			dependencies = (
			);
			name = nn;
			productName = nn;
			productReference = 4F35810B2351B1050037C87D /* nn */;
			productType = "com.apple.product-type.tool";
		};
/* End PBXNativeTarget section */

/* Begin PBXProject section */
		4F3581032351B1040037C87D /* Project object */ = {
			isa = PBXProject;
			attributes = {
				LastSwiftUpdateCheck = 1110;
				LastUpgradeCheck = 1120;
				ORGANIZATIONNAME = Liuliet.Lee;
				TargetAttributes = {
					4F35810A2351B1040037C87D = {
						CreatedOnToolsVersion = 11.1;
					};
				};
			};
			buildConfigurationList = 4F3581062351B1040037C87D /* Build configuration list for PBXProject "nn" */;
			compatibilityVersion = "Xcode 9.3";
			developmentRegion = en;
			hasScannedForEncodings = 0;
			knownRegions = (
				en,
				Base,
			);
			mainGroup = 4F3581022351B1040037C87D;
			productRefGroup = 4F35810C2351B1050037C87D /* Products */;
			projectDirPath = "";
			projectRoot = "";
			targets = (
				4F35810A2351B1040037C87D /* nn */,
			);
		};
/* End PBXProject section */

/* Begin PBXSourcesBuildPhase section */
		4F3581072351B1040037C87D /* Sources */ = {
			isa = PBXSourcesBuildPhase;
			buildActionMask = 2147483647;
			files = (
				4F3581192351EF820037C87D /* Dense.swift in Sources */,
				4F9B11B923D85812006B9CCF /* AveragePool.swift in Sources */,
				4F9060FE23B49D3F00B26B12 /* Conv+Metal.swift in Sources */,
				4FA87003239D404C0043D957 /* NNArray.swift in Sources */,
				4F35811F2351F6ED0037C87D /* Container.swift in Sources */,
				4FEF5C4123CDA7F000E026D2 /* svm.swift in Sources */,
				4FB50DD223D2E2FB00D531F3 /* MNISTModel.swift in Sources */,
				4F8661EB23BA49C300629889 /* BaseLayer.swift in Sources */,
				4F5A36D723C4A3EA00D01E89 /* Step+Metal.swift in Sources */,
				4F276C9D23C0754000D0403A /* Forwardable.swift in Sources */,
				4FA87005239D41710043D957 /* Conv.swift in Sources */,
				4F8661D023B8884200629889 /* Cifar10Reader.swift in Sources */,
				4F9B11C023D86DBB006B9CCF /* BasePool.swift in Sources */,
				4FC2B38623D49AD700418EE6 /* metal_utils.metal in Sources */,
				4FEF5C4323CDA81200E026D2 /* d2.swift in Sources */,
				4F9B11BD23D86BF1006B9CCF /* averagepool_m.metal in Sources */,
				4F9060FC23B49D2400B26B12 /* conv_m.metal in Sources */,
				4F3581212351FA590037C87D /* Loss.swift in Sources */,
				4F35811D2351F4660037C87D /* Layer.swift in Sources */,
				4F8661CC23B7B6B500629889 /* MaxPool+Metal.swift in Sources */,
				4F5E37CB23C373B4001546DC /* ThreadPool.swift in Sources */,
				4F8661E523B9E63A00629889 /* ModelStorage.swift in Sources */,
				4F8661C823B7AFBF00629889 /* ReLU+Metal.swift in Sources */,
				4F5906EF23D21C0000FE4E8A /* MNISTReader.swift in Sources */,
				4FA9E9BE23A21590003C6730 /* LLVector.swift in Sources */,
				4F59065F23D0BC5600FE4E8A /* AutoRunner.swift in Sources */,
				4F9B11BB23D86BE1006B9CCF /* AveragePool+Metal.swift in Sources */,
				4F3581232351FCDC0037C87D /* ReLU.swift in Sources */,
				4F16BAA323AF256D00E905D3 /* Dense+Metal.swift in Sources */,
				4F16BAA123AF23A700E905D3 /* dense_m.metal in Sources */,
				4F8661CA23B7B6A600629889 /* maxpool_m.metal in Sources */,
				4F5A36D923C4A98A00D01E89 /* step_m.metal in Sources */,
				4F8661F123BCC84B00629889 /* Storagable.swift in Sources */,
				4F8661C623B7AFA300629889 /* relu_m.metal in Sources */,
				4FBC046F23ACF8CA0072B9BE /* ImageReader.swift in Sources */,
				4FBF5CB423B10071006763CB /* Core.swift in Sources */,
				4F8661ED23BA4B2D00629889 /* BaseContainer.swift in Sources */,
				4FC30B6223AB821C00D27427 /* MaxPool.swift in Sources */,
				4F35811B2351F4060037C87D /* Sequential.swift in Sources */,
				4F35810F2351B1050037C87D /* main.swift in Sources */,
				4F276C9F23C07FC100D0403A /* NormalRandom.swift in Sources */,
			);
			runOnlyForDeploymentPostprocessing = 0;
		};
/* End PBXSourcesBuildPhase section */

/* Begin XCBuildConfiguration section */
		4F3581102351B1050037C87D /* Debug */ = {
			isa = XCBuildConfiguration;
			buildSettings = {
				ALWAYS_SEARCH_USER_PATHS = NO;
				CLANG_ANALYZER_NONNULL = YES;
				CLANG_ANALYZER_NUMBER_OBJECT_CONVERSION = YES_AGGRESSIVE;
				CLANG_CXX_LANGUAGE_STANDARD = "gnu++14";
				CLANG_CXX_LIBRARY = "libc++";
				CLANG_ENABLE_MODULES = YES;
				CLANG_ENABLE_OBJC_ARC = YES;
				CLANG_ENABLE_OBJC_WEAK = YES;
				CLANG_WARN_BLOCK_CAPTURE_AUTORELEASING = YES;
				CLANG_WARN_BOOL_CONVERSION = YES;
				CLANG_WARN_COMMA = YES;
				CLANG_WARN_CONSTANT_CONVERSION = YES;
				CLANG_WARN_DEPRECATED_OBJC_IMPLEMENTATIONS = YES;
				CLANG_WARN_DIRECT_OBJC_ISA_USAGE = YES_ERROR;
				CLANG_WARN_DOCUMENTATION_COMMENTS = YES;
				CLANG_WARN_EMPTY_BODY = YES;
				CLANG_WARN_ENUM_CONVERSION = YES;
				CLANG_WARN_INFINITE_RECURSION = YES;
				CLANG_WARN_INT_CONVERSION = YES;
				CLANG_WARN_NON_LITERAL_NULL_CONVERSION = YES;
				CLANG_WARN_OBJC_IMPLICIT_RETAIN_SELF = YES;
				CLANG_WARN_OBJC_LITERAL_CONVERSION = YES;
				CLANG_WARN_OBJC_ROOT_CLASS = YES_ERROR;
				CLANG_WARN_RANGE_LOOP_ANALYSIS = YES;
				CLANG_WARN_STRICT_PROTOTYPES = YES;
				CLANG_WARN_SUSPICIOUS_MOVE = YES;
				CLANG_WARN_UNGUARDED_AVAILABILITY = YES_AGGRESSIVE;
				CLANG_WARN_UNREACHABLE_CODE = YES;
				CLANG_WARN__DUPLICATE_METHOD_MATCH = YES;
				COPY_PHASE_STRIP = NO;
				DEBUG_INFORMATION_FORMAT = dwarf;
				ENABLE_STRICT_OBJC_MSGSEND = YES;
				ENABLE_TESTABILITY = YES;
				GCC_C_LANGUAGE_STANDARD = gnu11;
				GCC_DYNAMIC_NO_PIC = NO;
				GCC_NO_COMMON_BLOCKS = YES;
				GCC_OPTIMIZATION_LEVEL = 0;
				GCC_PREPROCESSOR_DEFINITIONS = (
					"DEBUG=1",
					"$(inherited)",
				);
				GCC_WARN_64_TO_32_BIT_CONVERSION = YES;
				GCC_WARN_ABOUT_RETURN_TYPE = YES_ERROR;
				GCC_WARN_UNDECLARED_SELECTOR = YES;
				GCC_WARN_UNINITIALIZED_AUTOS = YES_AGGRESSIVE;
				GCC_WARN_UNUSED_FUNCTION = YES;
				GCC_WARN_UNUSED_VARIABLE = YES;
				MACOSX_DEPLOYMENT_TARGET = 10.14;
				MTL_ENABLE_DEBUG_INFO = INCLUDE_SOURCE;
				MTL_FAST_MATH = YES;
				ONLY_ACTIVE_ARCH = YES;
				SDKROOT = macosx;
				SWIFT_ACTIVE_COMPILATION_CONDITIONS = DEBUG;
				SWIFT_OPTIMIZATION_LEVEL = "-Onone";
			};
			name = Debug;
		};
		4F3581112351B1050037C87D /* Release */ = {
			isa = XCBuildConfiguration;
			buildSettings = {
				ALWAYS_SEARCH_USER_PATHS = NO;
				CLANG_ANALYZER_NONNULL = YES;
				CLANG_ANALYZER_NUMBER_OBJECT_CONVERSION = YES_AGGRESSIVE;
				CLANG_CXX_LANGUAGE_STANDARD = "gnu++14";
				CLANG_CXX_LIBRARY = "libc++";
				CLANG_ENABLE_MODULES = YES;
				CLANG_ENABLE_OBJC_ARC = YES;
				CLANG_ENABLE_OBJC_WEAK = YES;
				CLANG_WARN_BLOCK_CAPTURE_AUTORELEASING = YES;
				CLANG_WARN_BOOL_CONVERSION = YES;
				CLANG_WARN_COMMA = YES;
				CLANG_WARN_CONSTANT_CONVERSION = YES;
				CLANG_WARN_DEPRECATED_OBJC_IMPLEMENTATIONS = YES;
				CLANG_WARN_DIRECT_OBJC_ISA_USAGE = YES_ERROR;
				CLANG_WARN_DOCUMENTATION_COMMENTS = YES;
				CLANG_WARN_EMPTY_BODY = YES;
				CLANG_WARN_ENUM_CONVERSION = YES;
				CLANG_WARN_INFINITE_RECURSION = YES;
				CLANG_WARN_INT_CONVERSION = YES;
				CLANG_WARN_NON_LITERAL_NULL_CONVERSION = YES;
				CLANG_WARN_OBJC_IMPLICIT_RETAIN_SELF = YES;
				CLANG_WARN_OBJC_LITERAL_CONVERSION = YES;
				CLANG_WARN_OBJC_ROOT_CLASS = YES_ERROR;
				CLANG_WARN_RANGE_LOOP_ANALYSIS = YES;
				CLANG_WARN_STRICT_PROTOTYPES = YES;
				CLANG_WARN_SUSPICIOUS_MOVE = YES;
				CLANG_WARN_UNGUARDED_AVAILABILITY = YES_AGGRESSIVE;
				CLANG_WARN_UNREACHABLE_CODE = YES;
				CLANG_WARN__DUPLICATE_METHOD_MATCH = YES;
				COPY_PHASE_STRIP = NO;
				DEBUG_INFORMATION_FORMAT = "dwarf-with-dsym";
				ENABLE_NS_ASSERTIONS = NO;
				ENABLE_STRICT_OBJC_MSGSEND = YES;
				GCC_C_LANGUAGE_STANDARD = gnu11;
				GCC_NO_COMMON_BLOCKS = YES;
				GCC_WARN_64_TO_32_BIT_CONVERSION = YES;
				GCC_WARN_ABOUT_RETURN_TYPE = YES_ERROR;
				GCC_WARN_UNDECLARED_SELECTOR = YES;
				GCC_WARN_UNINITIALIZED_AUTOS = YES_AGGRESSIVE;
				GCC_WARN_UNUSED_FUNCTION = YES;
				GCC_WARN_UNUSED_VARIABLE = YES;
				MACOSX_DEPLOYMENT_TARGET = 10.14;
				MTL_ENABLE_DEBUG_INFO = NO;
				MTL_FAST_MATH = YES;
				SDKROOT = macosx;
				SWIFT_COMPILATION_MODE = wholemodule;
				SWIFT_OPTIMIZATION_LEVEL = "-O";
			};
			name = Release;
		};
		4F3581132351B1050037C87D /* Debug */ = {
			isa = XCBuildConfiguration;
			buildSettings = {
				CODE_SIGN_IDENTITY = "-";
				CODE_SIGN_STYLE = Automatic;
				MACOSX_DEPLOYMENT_TARGET = 10.15;
				PRODUCT_NAME = "$(TARGET_NAME)";
				SWIFT_VERSION = 5.0;
			};
			name = Debug;
		};
		4F3581142351B1050037C87D /* Release */ = {
			isa = XCBuildConfiguration;
			buildSettings = {
				CODE_SIGN_IDENTITY = "-";
				CODE_SIGN_STYLE = Automatic;
				MACOSX_DEPLOYMENT_TARGET = 10.15;
				PRODUCT_NAME = "$(TARGET_NAME)";
				SWIFT_VERSION = 5.0;
			};
			name = Release;
		};
/* End XCBuildConfiguration section */

/* Begin XCConfigurationList section */
		4F3581062351B1040037C87D /* Build configuration list for PBXProject "nn" */ = {
			isa = XCConfigurationList;
			buildConfigurations = (
				4F3581102351B1050037C87D /* Debug */,
				4F3581112351B1050037C87D /* Release */,
			);
			defaultConfigurationIsVisible = 0;
			defaultConfigurationName = Release;
		};
		4F3581122351B1050037C87D /* Build configuration list for PBXNativeTarget "nn" */ = {
			isa = XCConfigurationList;
			buildConfigurations = (
				4F3581132351B1050037C87D /* Debug */,
				4F3581142351B1050037C87D /* Release */,
			);
			defaultConfigurationIsVisible = 0;
			defaultConfigurationName = Release;
		};
/* End XCConfigurationList section */
	};
	rootObject = 4F3581032351B1040037C87D /* Project object */;
}
