// !$*UTF8*$!
{
	archiveVersion = 1;
	classes = {
	};
	objectVersion = 50;
	objects = {

/* Begin PBXBuildFile section */
		4F3F5B1423E1D9AD006306CE /* AppDelegate.swift in Sources */ = {isa = PBXBuildFile; fileRef = 4F3F5B1323E1D9AD006306CE /* AppDelegate.swift */; };
		4F3F5B1623E1D9AD006306CE /* SceneDelegate.swift in Sources */ = {isa = PBXBuildFile; fileRef = 4F3F5B1523E1D9AD006306CE /* SceneDelegate.swift */; };
		4F3F5B1823E1D9AD006306CE /* ViewController.swift in Sources */ = {isa = PBXBuildFile; fileRef = 4F3F5B1723E1D9AD006306CE /* ViewController.swift */; };
		4F3F5B1B23E1D9AD006306CE /* Main.storyboard in Resources */ = {isa = PBXBuildFile; fileRef = 4F3F5B1923E1D9AD006306CE /* Main.storyboard */; };
		4F3F5B1D23E1D9AF006306CE /* Assets.xcassets in Resources */ = {isa = PBXBuildFile; fileRef = 4F3F5B1C23E1D9AF006306CE /* Assets.xcassets */; };
		4F3F5B2023E1D9AF006306CE /* LaunchScreen.storyboard in Resources */ = {isa = PBXBuildFile; fileRef = 4F3F5B1E23E1D9AF006306CE /* LaunchScreen.storyboard */; };
		4F3F5B6523E1D9BE006306CE /* d2.swift in Sources */ = {isa = PBXBuildFile; fileRef = 4F3F5B2A23E1D9BE006306CE /* d2.swift */; };
		4F3F5B6623E1D9BE006306CE /* svm.swift in Sources */ = {isa = PBXBuildFile; fileRef = 4F3F5B2B23E1D9BE006306CE /* svm.swift */; };
		4F3F5B6723E1D9BE006306CE /* Loss.swift in Sources */ = {isa = PBXBuildFile; fileRef = 4F3F5B2C23E1D9BE006306CE /* Loss.swift */; };
		4F3F5B6823E1D9BE006306CE /* step_m.metal in Sources */ = {isa = PBXBuildFile; fileRef = 4F3F5B2E23E1D9BE006306CE /* step_m.metal */; };
		4F3F5B6923E1D9BE006306CE /* Step+Metal.swift in Sources */ = {isa = PBXBuildFile; fileRef = 4F3F5B2F23E1D9BE006306CE /* Step+Metal.swift */; };
		4F3F5B6A23E1D9BE006306CE /* metal_utils.metal in Sources */ = {isa = PBXBuildFile; fileRef = 4F3F5B3323E1D9BE006306CE /* metal_utils.metal */; };
		4F3F5B6B23E1D9BE006306CE /* Core.swift in Sources */ = {isa = PBXBuildFile; fileRef = 4F3F5B3423E1D9BE006306CE /* Core.swift */; };
		4F3F5B6C23E1D9BE006306CE /* DatasetReader.swift in Sources */ = {isa = PBXBuildFile; fileRef = 4F3F5B3723E1D9BE006306CE /* DatasetReader.swift */; };
		4F3F5B6D23E1D9BE006306CE /* MNISTReader.swift in Sources */ = {isa = PBXBuildFile; fileRef = 4F3F5B3823E1D9BE006306CE /* MNISTReader.swift */; };
		4F3F5B6E23E1D9BE006306CE /* Cifar10Reader.swift in Sources */ = {isa = PBXBuildFile; fileRef = 4F3F5B3923E1D9BE006306CE /* Cifar10Reader.swift */; };
		4F3F5B6F23E1D9BE006306CE /* ImageReader.swift in Sources */ = {isa = PBXBuildFile; fileRef = 4F3F5B3B23E1D9BE006306CE /* ImageReader.swift */; };
		4F3F5B7023E1D9BE006306CE /* ModelStorage.swift in Sources */ = {isa = PBXBuildFile; fileRef = 4F3F5B3D23E1D9BE006306CE /* ModelStorage.swift */; };
		4F3F5B7123E1D9BE006306CE /* Storagable.swift in Sources */ = {isa = PBXBuildFile; fileRef = 4F3F5B3E23E1D9BE006306CE /* Storagable.swift */; };
		4F3F5B7223E1D9BE006306CE /* ThreadPool.swift in Sources */ = {isa = PBXBuildFile; fileRef = 4F3F5B4023E1D9BE006306CE /* ThreadPool.swift */; };
		4F3F5B7323E1D9BE006306CE /* AutoRunner.swift in Sources */ = {isa = PBXBuildFile; fileRef = 4F3F5B4123E1D9BE006306CE /* AutoRunner.swift */; };
		4F3F5B7423E1D9BE006306CE /* NNArray.swift in Sources */ = {isa = PBXBuildFile; fileRef = 4F3F5B4323E1D9BE006306CE /* NNArray.swift */; };
		4F3F5B7523E1D9BE006306CE /* NormalRandom.swift in Sources */ = {isa = PBXBuildFile; fileRef = 4F3F5B4423E1D9BE006306CE /* NormalRandom.swift */; };
		4F3F5B7623E1D9BE006306CE /* LLVector.swift in Sources */ = {isa = PBXBuildFile; fileRef = 4F3F5B4523E1D9BE006306CE /* LLVector.swift */; };
		4F3F5B7723E1D9BE006306CE /* Forwardable.swift in Sources */ = {isa = PBXBuildFile; fileRef = 4F3F5B4723E1D9BE006306CE /* Forwardable.swift */; };
		4F3F5B7823E1D9BE006306CE /* BaseContainer.swift in Sources */ = {isa = PBXBuildFile; fileRef = 4F3F5B4923E1D9BE006306CE /* BaseContainer.swift */; };
		4F3F5B7923E1D9BE006306CE /* Sequential.swift in Sources */ = {isa = PBXBuildFile; fileRef = 4F3F5B4A23E1D9BE006306CE /* Sequential.swift */; };
		4F3F5B7A23E1D9BE006306CE /* Container.swift in Sources */ = {isa = PBXBuildFile; fileRef = 4F3F5B4B23E1D9BE006306CE /* Container.swift */; };
		4F3F5B7B23E1D9BE006306CE /* dense_m.metal in Sources */ = {isa = PBXBuildFile; fileRef = 4F3F5B4E23E1D9BE006306CE /* dense_m.metal */; };
		4F3F5B7C23E1D9BE006306CE /* Dense.swift in Sources */ = {isa = PBXBuildFile; fileRef = 4F3F5B4F23E1D9BE006306CE /* Dense.swift */; };
		4F3F5B7D23E1D9BE006306CE /* Dense+Metal.swift in Sources */ = {isa = PBXBuildFile; fileRef = 4F3F5B5023E1D9BE006306CE /* Dense+Metal.swift */; };
		4F3F5B7E23E1D9BE006306CE /* BaseLayer.swift in Sources */ = {isa = PBXBuildFile; fileRef = 4F3F5B5123E1D9BE006306CE /* BaseLayer.swift */; };
		4F3F5B7F23E1D9BE006306CE /* Conv.swift in Sources */ = {isa = PBXBuildFile; fileRef = 4F3F5B5323E1D9BE006306CE /* Conv.swift */; };
		4F3F5B8023E1D9BE006306CE /* Conv+Metal.swift in Sources */ = {isa = PBXBuildFile; fileRef = 4F3F5B5423E1D9BE006306CE /* Conv+Metal.swift */; };
		4F3F5B8123E1D9BE006306CE /* conv_m.metal in Sources */ = {isa = PBXBuildFile; fileRef = 4F3F5B5523E1D9BE006306CE /* conv_m.metal */; };
		4F3F5B8223E1D9BE006306CE /* relu_m.metal in Sources */ = {isa = PBXBuildFile; fileRef = 4F3F5B5723E1D9BE006306CE /* relu_m.metal */; };
		4F3F5B8323E1D9BE006306CE /* ReLU+Metal.swift in Sources */ = {isa = PBXBuildFile; fileRef = 4F3F5B5823E1D9BE006306CE /* ReLU+Metal.swift */; };
		4F3F5B8423E1D9BE006306CE /* ReLU.swift in Sources */ = {isa = PBXBuildFile; fileRef = 4F3F5B5923E1D9BE006306CE /* ReLU.swift */; };
		4F3F5B8523E1D9BE006306CE /* maxpool_m.metal in Sources */ = {isa = PBXBuildFile; fileRef = 4F3F5B5C23E1D9BE006306CE /* maxpool_m.metal */; };
		4F3F5B8623E1D9BE006306CE /* MaxPool.swift in Sources */ = {isa = PBXBuildFile; fileRef = 4F3F5B5D23E1D9BE006306CE /* MaxPool.swift */; };
		4F3F5B8723E1D9BE006306CE /* MaxPool+Metal.swift in Sources */ = {isa = PBXBuildFile; fileRef = 4F3F5B5E23E1D9BE006306CE /* MaxPool+Metal.swift */; };
		4F3F5B8823E1D9BE006306CE /* BasePool.swift in Sources */ = {isa = PBXBuildFile; fileRef = 4F3F5B5F23E1D9BE006306CE /* BasePool.swift */; };
		4F3F5B8923E1D9BE006306CE /* AveragePool.swift in Sources */ = {isa = PBXBuildFile; fileRef = 4F3F5B6123E1D9BE006306CE /* AveragePool.swift */; };
		4F3F5B8A23E1D9BE006306CE /* AveragePool+Metal.swift in Sources */ = {isa = PBXBuildFile; fileRef = 4F3F5B6223E1D9BE006306CE /* AveragePool+Metal.swift */; };
		4F3F5B8B23E1D9BE006306CE /* averagepool_m.metal in Sources */ = {isa = PBXBuildFile; fileRef = 4F3F5B6323E1D9BE006306CE /* averagepool_m.metal */; };
		4F3F5B8C23E1D9BE006306CE /* Layer.swift in Sources */ = {isa = PBXBuildFile; fileRef = 4F3F5B6423E1D9BE006306CE /* Layer.swift */; };
		4F3F5B8E23E1D9EC006306CE /* DrawView.swift in Sources */ = {isa = PBXBuildFile; fileRef = 4F3F5B8D23E1D9EC006306CE /* DrawView.swift */; };
		4F3F5B9023E1D9F5006306CE /* mnistmodel01.nnm in Resources */ = {isa = PBXBuildFile; fileRef = 4F3F5B8F23E1D9F5006306CE /* mnistmodel01.nnm */; };
/* End PBXBuildFile section */

/* Begin PBXFileReference section */
		4F3F5B1023E1D9AD006306CE /* mnist-ios.app */ = {isa = PBXFileReference; explicitFileType = wrapper.application; includeInIndex = 0; path = "mnist-ios.app"; sourceTree = BUILT_PRODUCTS_DIR; };
		4F3F5B1323E1D9AD006306CE /* AppDelegate.swift */ = {isa = PBXFileReference; lastKnownFileType = sourcecode.swift; path = AppDelegate.swift; sourceTree = "<group>"; };
		4F3F5B1523E1D9AD006306CE /* SceneDelegate.swift */ = {isa = PBXFileReference; lastKnownFileType = sourcecode.swift; path = SceneDelegate.swift; sourceTree = "<group>"; };
		4F3F5B1723E1D9AD006306CE /* ViewController.swift */ = {isa = PBXFileReference; lastKnownFileType = sourcecode.swift; path = ViewController.swift; sourceTree = "<group>"; };
		4F3F5B1A23E1D9AD006306CE /* Base */ = {isa = PBXFileReference; lastKnownFileType = file.storyboard; name = Base; path = Base.lproj/Main.storyboard; sourceTree = "<group>"; };
		4F3F5B1C23E1D9AF006306CE /* Assets.xcassets */ = {isa = PBXFileReference; lastKnownFileType = folder.assetcatalog; path = Assets.xcassets; sourceTree = "<group>"; };
		4F3F5B1F23E1D9AF006306CE /* Base */ = {isa = PBXFileReference; lastKnownFileType = file.storyboard; name = Base; path = Base.lproj/LaunchScreen.storyboard; sourceTree = "<group>"; };
		4F3F5B2123E1D9AF006306CE /* Info.plist */ = {isa = PBXFileReference; lastKnownFileType = text.plist.xml; path = Info.plist; sourceTree = "<group>"; };
		4F3F5B2A23E1D9BE006306CE /* d2.swift */ = {isa = PBXFileReference; fileEncoding = 4; lastKnownFileType = sourcecode.swift; path = d2.swift; sourceTree = "<group>"; };
		4F3F5B2B23E1D9BE006306CE /* svm.swift */ = {isa = PBXFileReference; fileEncoding = 4; lastKnownFileType = sourcecode.swift; path = svm.swift; sourceTree = "<group>"; };
		4F3F5B2C23E1D9BE006306CE /* Loss.swift */ = {isa = PBXFileReference; fileEncoding = 4; lastKnownFileType = sourcecode.swift; path = Loss.swift; sourceTree = "<group>"; };
		4F3F5B2E23E1D9BE006306CE /* step_m.metal */ = {isa = PBXFileReference; fileEncoding = 4; lastKnownFileType = sourcecode.metal; path = step_m.metal; sourceTree = "<group>"; };
		4F3F5B2F23E1D9BE006306CE /* Step+Metal.swift */ = {isa = PBXFileReference; fileEncoding = 4; lastKnownFileType = sourcecode.swift; path = "Step+Metal.swift"; sourceTree = "<group>"; };
		4F3F5B3223E1D9BE006306CE /* metal_utils.h */ = {isa = PBXFileReference; fileEncoding = 4; lastKnownFileType = sourcecode.c.h; path = metal_utils.h; sourceTree = "<group>"; };
		4F3F5B3323E1D9BE006306CE /* metal_utils.metal */ = {isa = PBXFileReference; fileEncoding = 4; lastKnownFileType = sourcecode.metal; path = metal_utils.metal; sourceTree = "<group>"; };
		4F3F5B3423E1D9BE006306CE /* Core.swift */ = {isa = PBXFileReference; fileEncoding = 4; lastKnownFileType = sourcecode.swift; path = Core.swift; sourceTree = "<group>"; };
		4F3F5B3723E1D9BE006306CE /* DatasetReader.swift */ = {isa = PBXFileReference; fileEncoding = 4; lastKnownFileType = sourcecode.swift; path = DatasetReader.swift; sourceTree = "<group>"; };
		4F3F5B3823E1D9BE006306CE /* MNISTReader.swift */ = {isa = PBXFileReference; fileEncoding = 4; lastKnownFileType = sourcecode.swift; path = MNISTReader.swift; sourceTree = "<group>"; };
		4F3F5B3923E1D9BE006306CE /* Cifar10Reader.swift */ = {isa = PBXFileReference; fileEncoding = 4; lastKnownFileType = sourcecode.swift; path = Cifar10Reader.swift; sourceTree = "<group>"; };
		4F3F5B3B23E1D9BE006306CE /* ImageReader.swift */ = {isa = PBXFileReference; fileEncoding = 4; lastKnownFileType = sourcecode.swift; path = ImageReader.swift; sourceTree = "<group>"; };
		4F3F5B3D23E1D9BE006306CE /* ModelStorage.swift */ = {isa = PBXFileReference; fileEncoding = 4; lastKnownFileType = sourcecode.swift; path = ModelStorage.swift; sourceTree = "<group>"; };
		4F3F5B3E23E1D9BE006306CE /* Storagable.swift */ = {isa = PBXFileReference; fileEncoding = 4; lastKnownFileType = sourcecode.swift; path = Storagable.swift; sourceTree = "<group>"; };
		4F3F5B4023E1D9BE006306CE /* ThreadPool.swift */ = {isa = PBXFileReference; fileEncoding = 4; lastKnownFileType = sourcecode.swift; path = ThreadPool.swift; sourceTree = "<group>"; };
		4F3F5B4123E1D9BE006306CE /* AutoRunner.swift */ = {isa = PBXFileReference; fileEncoding = 4; lastKnownFileType = sourcecode.swift; path = AutoRunner.swift; sourceTree = "<group>"; };
		4F3F5B4323E1D9BE006306CE /* NNArray.swift */ = {isa = PBXFileReference; fileEncoding = 4; lastKnownFileType = sourcecode.swift; path = NNArray.swift; sourceTree = "<group>"; };
		4F3F5B4423E1D9BE006306CE /* NormalRandom.swift */ = {isa = PBXFileReference; fileEncoding = 4; lastKnownFileType = sourcecode.swift; path = NormalRandom.swift; sourceTree = "<group>"; };
		4F3F5B4523E1D9BE006306CE /* LLVector.swift */ = {isa = PBXFileReference; fileEncoding = 4; lastKnownFileType = sourcecode.swift; path = LLVector.swift; sourceTree = "<group>"; };
		4F3F5B4723E1D9BE006306CE /* Forwardable.swift */ = {isa = PBXFileReference; fileEncoding = 4; lastKnownFileType = sourcecode.swift; path = Forwardable.swift; sourceTree = "<group>"; };
		4F3F5B4923E1D9BE006306CE /* BaseContainer.swift */ = {isa = PBXFileReference; fileEncoding = 4; lastKnownFileType = sourcecode.swift; path = BaseContainer.swift; sourceTree = "<group>"; };
		4F3F5B4A23E1D9BE006306CE /* Sequential.swift */ = {isa = PBXFileReference; fileEncoding = 4; lastKnownFileType = sourcecode.swift; path = Sequential.swift; sourceTree = "<group>"; };
		4F3F5B4B23E1D9BE006306CE /* Container.swift */ = {isa = PBXFileReference; fileEncoding = 4; lastKnownFileType = sourcecode.swift; path = Container.swift; sourceTree = "<group>"; };
		4F3F5B4E23E1D9BE006306CE /* dense_m.metal */ = {isa = PBXFileReference; fileEncoding = 4; lastKnownFileType = sourcecode.metal; path = dense_m.metal; sourceTree = "<group>"; };
		4F3F5B4F23E1D9BE006306CE /* Dense.swift */ = {isa = PBXFileReference; fileEncoding = 4; lastKnownFileType = sourcecode.swift; path = Dense.swift; sourceTree = "<group>"; };
		4F3F5B5023E1D9BE006306CE /* Dense+Metal.swift */ = {isa = PBXFileReference; fileEncoding = 4; lastKnownFileType = sourcecode.swift; path = "Dense+Metal.swift"; sourceTree = "<group>"; };
		4F3F5B5123E1D9BE006306CE /* BaseLayer.swift */ = {isa = PBXFileReference; fileEncoding = 4; lastKnownFileType = sourcecode.swift; path = BaseLayer.swift; sourceTree = "<group>"; };
		4F3F5B5323E1D9BE006306CE /* Conv.swift */ = {isa = PBXFileReference; fileEncoding = 4; lastKnownFileType = sourcecode.swift; path = Conv.swift; sourceTree = "<group>"; };
		4F3F5B5423E1D9BE006306CE /* Conv+Metal.swift */ = {isa = PBXFileReference; fileEncoding = 4; lastKnownFileType = sourcecode.swift; path = "Conv+Metal.swift"; sourceTree = "<group>"; };
		4F3F5B5523E1D9BE006306CE /* conv_m.metal */ = {isa = PBXFileReference; fileEncoding = 4; lastKnownFileType = sourcecode.metal; path = conv_m.metal; sourceTree = "<group>"; };
		4F3F5B5723E1D9BE006306CE /* relu_m.metal */ = {isa = PBXFileReference; fileEncoding = 4; lastKnownFileType = sourcecode.metal; path = relu_m.metal; sourceTree = "<group>"; };
		4F3F5B5823E1D9BE006306CE /* ReLU+Metal.swift */ = {isa = PBXFileReference; fileEncoding = 4; lastKnownFileType = sourcecode.swift; path = "ReLU+Metal.swift"; sourceTree = "<group>"; };
		4F3F5B5923E1D9BE006306CE /* ReLU.swift */ = {isa = PBXFileReference; fileEncoding = 4; lastKnownFileType = sourcecode.swift; path = ReLU.swift; sourceTree = "<group>"; };
		4F3F5B5C23E1D9BE006306CE /* maxpool_m.metal */ = {isa = PBXFileReference; fileEncoding = 4; lastKnownFileType = sourcecode.metal; path = maxpool_m.metal; sourceTree = "<group>"; };
		4F3F5B5D23E1D9BE006306CE /* MaxPool.swift */ = {isa = PBXFileReference; fileEncoding = 4; lastKnownFileType = sourcecode.swift; path = MaxPool.swift; sourceTree = "<group>"; };
		4F3F5B5E23E1D9BE006306CE /* MaxPool+Metal.swift */ = {isa = PBXFileReference; fileEncoding = 4; lastKnownFileType = sourcecode.swift; path = "MaxPool+Metal.swift"; sourceTree = "<group>"; };
		4F3F5B5F23E1D9BE006306CE /* BasePool.swift */ = {isa = PBXFileReference; fileEncoding = 4; lastKnownFileType = sourcecode.swift; path = BasePool.swift; sourceTree = "<group>"; };
		4F3F5B6123E1D9BE006306CE /* AveragePool.swift */ = {isa = PBXFileReference; fileEncoding = 4; lastKnownFileType = sourcecode.swift; path = AveragePool.swift; sourceTree = "<group>"; };
		4F3F5B6223E1D9BE006306CE /* AveragePool+Metal.swift */ = {isa = PBXFileReference; fileEncoding = 4; lastKnownFileType = sourcecode.swift; path = "AveragePool+Metal.swift"; sourceTree = "<group>"; };
		4F3F5B6323E1D9BE006306CE /* averagepool_m.metal */ = {isa = PBXFileReference; fileEncoding = 4; lastKnownFileType = sourcecode.metal; path = averagepool_m.metal; sourceTree = "<group>"; };
		4F3F5B6423E1D9BE006306CE /* Layer.swift */ = {isa = PBXFileReference; fileEncoding = 4; lastKnownFileType = sourcecode.swift; path = Layer.swift; sourceTree = "<group>"; };
		4F3F5B8D23E1D9EC006306CE /* DrawView.swift */ = {isa = PBXFileReference; fileEncoding = 4; lastKnownFileType = sourcecode.swift; path = DrawView.swift; sourceTree = "<group>"; };
		4F3F5B8F23E1D9F5006306CE /* mnistmodel01.nnm */ = {isa = PBXFileReference; lastKnownFileType = file; path = mnistmodel01.nnm; sourceTree = "<group>"; };
/* End PBXFileReference section */

/* Begin PBXFrameworksBuildPhase section */
		4F3F5B0D23E1D9AD006306CE /* Frameworks */ = {
			isa = PBXFrameworksBuildPhase;
			buildActionMask = 2147483647;
			files = (
			);
			runOnlyForDeploymentPostprocessing = 0;
		};
/* End PBXFrameworksBuildPhase section */

/* Begin PBXGroup section */
		4F3F5B0723E1D9AD006306CE = {
			isa = PBXGroup;
			children = (
				4F3F5B2723E1D9BE006306CE /* nn */,
				4F3F5B1223E1D9AD006306CE /* mnist-ios */,
				4F3F5B1123E1D9AD006306CE /* Products */,
			);
			sourceTree = "<group>";
		};
		4F3F5B1123E1D9AD006306CE /* Products */ = {
			isa = PBXGroup;
			children = (
				4F3F5B1023E1D9AD006306CE /* mnist-ios.app */,
			);
			name = Products;
			sourceTree = "<group>";
		};
		4F3F5B1223E1D9AD006306CE /* mnist-ios */ = {
			isa = PBXGroup;
			children = (
				4F3F5B1323E1D9AD006306CE /* AppDelegate.swift */,
				4F3F5B1523E1D9AD006306CE /* SceneDelegate.swift */,
				4F3F5B8D23E1D9EC006306CE /* DrawView.swift */,
				4F3F5B1723E1D9AD006306CE /* ViewController.swift */,
				4F3F5B1923E1D9AD006306CE /* Main.storyboard */,
				4F3F5B1C23E1D9AF006306CE /* Assets.xcassets */,
				4F3F5B1E23E1D9AF006306CE /* LaunchScreen.storyboard */,
				4F3F5B2123E1D9AF006306CE /* Info.plist */,
				4F3F5B8F23E1D9F5006306CE /* mnistmodel01.nnm */,
			);
			path = "mnist-ios";
			sourceTree = "<group>";
		};
		4F3F5B2723E1D9BE006306CE /* nn */ = {
			isa = PBXGroup;
			children = (
				4F3F5B2823E1D9BE006306CE /* loss */,
				4F3F5B3023E1D9BE006306CE /* utils */,
				4F3F5B4623E1D9BE006306CE /* forwardable */,
			);
			name = nn;
			path = ../../nn;
			sourceTree = "<group>";
		};
		4F3F5B2823E1D9BE006306CE /* loss */ = {
			isa = PBXGroup;
			children = (
				4F3F5B2923E1D9BE006306CE /* Loss */,
				4F3F5B2D23E1D9BE006306CE /* Step */,
			);
			path = loss;
			sourceTree = "<group>";
		};
		4F3F5B2923E1D9BE006306CE /* Loss */ = {
			isa = PBXGroup;
			children = (
				4F3F5B2A23E1D9BE006306CE /* d2.swift */,
				4F3F5B2B23E1D9BE006306CE /* svm.swift */,
				4F3F5B2C23E1D9BE006306CE /* Loss.swift */,
			);
			path = Loss;
			sourceTree = "<group>";
		};
		4F3F5B2D23E1D9BE006306CE /* Step */ = {
			isa = PBXGroup;
			children = (
				4F3F5B2E23E1D9BE006306CE /* step_m.metal */,
				4F3F5B2F23E1D9BE006306CE /* Step+Metal.swift */,
			);
			path = Step;
			sourceTree = "<group>";
		};
		4F3F5B3023E1D9BE006306CE /* utils */ = {
			isa = PBXGroup;
			children = (
				4F3F5B3123E1D9BE006306CE /* Metal */,
				4F3F5B3523E1D9BE006306CE /* IO */,
				4F3F5B4223E1D9BE006306CE /* Data Struct */,
			);
			path = utils;
			sourceTree = "<group>";
		};
		4F3F5B3123E1D9BE006306CE /* Metal */ = {
			isa = PBXGroup;
			children = (
				4F3F5B3223E1D9BE006306CE /* metal_utils.h */,
				4F3F5B3323E1D9BE006306CE /* metal_utils.metal */,
				4F3F5B3423E1D9BE006306CE /* Core.swift */,
			);
			path = Metal;
			sourceTree = "<group>";
		};
		4F3F5B3523E1D9BE006306CE /* IO */ = {
			isa = PBXGroup;
			children = (
				4F3F5B3623E1D9BE006306CE /* Dataset */,
				4F3F5B3A23E1D9BE006306CE /* Image */,
				4F3F5B3C23E1D9BE006306CE /* Model */,
				4F3F5B3F23E1D9BE006306CE /* Sync */,
			);
			path = IO;
			sourceTree = "<group>";
		};
		4F3F5B3623E1D9BE006306CE /* Dataset */ = {
			isa = PBXGroup;
			children = (
				4F3F5B3723E1D9BE006306CE /* DatasetReader.swift */,
				4F3F5B3823E1D9BE006306CE /* MNISTReader.swift */,
				4F3F5B3923E1D9BE006306CE /* Cifar10Reader.swift */,
			);
			path = Dataset;
			sourceTree = "<group>";
		};
		4F3F5B3A23E1D9BE006306CE /* Image */ = {
			isa = PBXGroup;
			children = (
				4F3F5B3B23E1D9BE006306CE /* ImageReader.swift */,
			);
			path = Image;
			sourceTree = "<group>";
		};
		4F3F5B3C23E1D9BE006306CE /* Model */ = {
			isa = PBXGroup;
			children = (
				4F3F5B3D23E1D9BE006306CE /* ModelStorage.swift */,
				4F3F5B3E23E1D9BE006306CE /* Storagable.swift */,
			);
			path = Model;
			sourceTree = "<group>";
		};
		4F3F5B3F23E1D9BE006306CE /* Sync */ = {
			isa = PBXGroup;
			children = (
				4F3F5B4023E1D9BE006306CE /* ThreadPool.swift */,
				4F3F5B4123E1D9BE006306CE /* AutoRunner.swift */,
			);
			path = Sync;
			sourceTree = "<group>";
		};
		4F3F5B4223E1D9BE006306CE /* Data Struct */ = {
			isa = PBXGroup;
			children = (
				4F3F5B4323E1D9BE006306CE /* NNArray.swift */,
				4F3F5B4423E1D9BE006306CE /* NormalRandom.swift */,
				4F3F5B4523E1D9BE006306CE /* LLVector.swift */,
			);
			path = "Data Struct";
			sourceTree = "<group>";
		};
		4F3F5B4623E1D9BE006306CE /* forwardable */ = {
			isa = PBXGroup;
			children = (
				4F3F5B4723E1D9BE006306CE /* Forwardable.swift */,
				4F3F5B4823E1D9BE006306CE /* Container */,
				4F3F5B4C23E1D9BE006306CE /* Layer */,
			);
			path = forwardable;
			sourceTree = "<group>";
		};
		4F3F5B4823E1D9BE006306CE /* Container */ = {
			isa = PBXGroup;
			children = (
				4F3F5B4923E1D9BE006306CE /* BaseContainer.swift */,
				4F3F5B4A23E1D9BE006306CE /* Sequential.swift */,
				4F3F5B4B23E1D9BE006306CE /* Container.swift */,
			);
			path = Container;
			sourceTree = "<group>";
		};
		4F3F5B4C23E1D9BE006306CE /* Layer */ = {
			isa = PBXGroup;
			children = (
				4F3F5B4D23E1D9BE006306CE /* Dense */,
				4F3F5B5123E1D9BE006306CE /* BaseLayer.swift */,
				4F3F5B5223E1D9BE006306CE /* Conv */,
				4F3F5B5623E1D9BE006306CE /* ReLU */,
				4F3F5B5A23E1D9BE006306CE /* Pool */,
				4F3F5B6423E1D9BE006306CE /* Layer.swift */,
			);
			path = Layer;
			sourceTree = "<group>";
		};
		4F3F5B4D23E1D9BE006306CE /* Dense */ = {
			isa = PBXGroup;
			children = (
				4F3F5B4E23E1D9BE006306CE /* dense_m.metal */,
				4F3F5B4F23E1D9BE006306CE /* Dense.swift */,
				4F3F5B5023E1D9BE006306CE /* Dense+Metal.swift */,
			);
			path = Dense;
			sourceTree = "<group>";
		};
		4F3F5B5223E1D9BE006306CE /* Conv */ = {
			isa = PBXGroup;
			children = (
				4F3F5B5323E1D9BE006306CE /* Conv.swift */,
				4F3F5B5423E1D9BE006306CE /* Conv+Metal.swift */,
				4F3F5B5523E1D9BE006306CE /* conv_m.metal */,
			);
			path = Conv;
			sourceTree = "<group>";
		};
		4F3F5B5623E1D9BE006306CE /* ReLU */ = {
			isa = PBXGroup;
			children = (
				4F3F5B5723E1D9BE006306CE /* relu_m.metal */,
				4F3F5B5823E1D9BE006306CE /* ReLU+Metal.swift */,
				4F3F5B5923E1D9BE006306CE /* ReLU.swift */,
			);
			path = ReLU;
			sourceTree = "<group>";
		};
		4F3F5B5A23E1D9BE006306CE /* Pool */ = {
			isa = PBXGroup;
			children = (
				4F3F5B5B23E1D9BE006306CE /* MaxPool */,
				4F3F5B5F23E1D9BE006306CE /* BasePool.swift */,
				4F3F5B6023E1D9BE006306CE /* AveragePool */,
			);
			path = Pool;
			sourceTree = "<group>";
		};
		4F3F5B5B23E1D9BE006306CE /* MaxPool */ = {
			isa = PBXGroup;
			children = (
				4F3F5B5C23E1D9BE006306CE /* maxpool_m.metal */,
				4F3F5B5D23E1D9BE006306CE /* MaxPool.swift */,
				4F3F5B5E23E1D9BE006306CE /* MaxPool+Metal.swift */,
			);
			path = MaxPool;
			sourceTree = "<group>";
		};
		4F3F5B6023E1D9BE006306CE /* AveragePool */ = {
			isa = PBXGroup;
			children = (
				4F3F5B6123E1D9BE006306CE /* AveragePool.swift */,
				4F3F5B6223E1D9BE006306CE /* AveragePool+Metal.swift */,
				4F3F5B6323E1D9BE006306CE /* averagepool_m.metal */,
			);
			path = AveragePool;
			sourceTree = "<group>";
		};
/* End PBXGroup section */

/* Begin PBXNativeTarget section */
		4F3F5B0F23E1D9AD006306CE /* mnist-ios */ = {
			isa = PBXNativeTarget;
			buildConfigurationList = 4F3F5B2423E1D9AF006306CE /* Build configuration list for PBXNativeTarget "mnist-ios" */;
			buildPhases = (
				4F3F5B0C23E1D9AD006306CE /* Sources */,
				4F3F5B0D23E1D9AD006306CE /* Frameworks */,
				4F3F5B0E23E1D9AD006306CE /* Resources */,
			);
			buildRules = (
			);
			dependencies = (
			);
			name = "mnist-ios";
			productName = "mnist-ios";
			productReference = 4F3F5B1023E1D9AD006306CE /* mnist-ios.app */;
			productType = "com.apple.product-type.application";
		};
/* End PBXNativeTarget section */

/* Begin PBXProject section */
		4F3F5B0823E1D9AD006306CE /* Project object */ = {
			isa = PBXProject;
			attributes = {
				LastSwiftUpdateCheck = 1130;
				LastUpgradeCheck = 1130;
				ORGANIZATIONNAME = Liuliet.Lee;
				TargetAttributes = {
					4F3F5B0F23E1D9AD006306CE = {
						CreatedOnToolsVersion = 11.3.1;
					};
				};
			};
			buildConfigurationList = 4F3F5B0B23E1D9AD006306CE /* Build configuration list for PBXProject "mnist-ios" */;
			compatibilityVersion = "Xcode 9.3";
			developmentRegion = en;
			hasScannedForEncodings = 0;
			knownRegions = (
				en,
				Base,
			);
			mainGroup = 4F3F5B0723E1D9AD006306CE;
			productRefGroup = 4F3F5B1123E1D9AD006306CE /* Products */;
			projectDirPath = "";
			projectRoot = "";
			targets = (
				4F3F5B0F23E1D9AD006306CE /* mnist-ios */,
			);
		};
/* End PBXProject section */

/* Begin PBXResourcesBuildPhase section */
		4F3F5B0E23E1D9AD006306CE /* Resources */ = {
			isa = PBXResourcesBuildPhase;
			buildActionMask = 2147483647;
			files = (
				4F3F5B9023E1D9F5006306CE /* mnistmodel01.nnm in Resources */,
				4F3F5B2023E1D9AF006306CE /* LaunchScreen.storyboard in Resources */,
				4F3F5B1D23E1D9AF006306CE /* Assets.xcassets in Resources */,
				4F3F5B1B23E1D9AD006306CE /* Main.storyboard in Resources */,
			);
			runOnlyForDeploymentPostprocessing = 0;
		};
/* End PBXResourcesBuildPhase section */

/* Begin PBXSourcesBuildPhase section */
		4F3F5B0C23E1D9AD006306CE /* Sources */ = {
			isa = PBXSourcesBuildPhase;
			buildActionMask = 2147483647;
			files = (
				4F3F5B6E23E1D9BE006306CE /* Cifar10Reader.swift in Sources */,
				4F3F5B8323E1D9BE006306CE /* ReLU+Metal.swift in Sources */,
				4F3F5B8E23E1D9EC006306CE /* DrawView.swift in Sources */,
				4F3F5B6823E1D9BE006306CE /* step_m.metal in Sources */,
				4F3F5B7E23E1D9BE006306CE /* BaseLayer.swift in Sources */,
				4F3F5B7F23E1D9BE006306CE /* Conv.swift in Sources */,
				4F3F5B7023E1D9BE006306CE /* ModelStorage.swift in Sources */,
				4F3F5B7B23E1D9BE006306CE /* dense_m.metal in Sources */,
				4F3F5B6723E1D9BE006306CE /* Loss.swift in Sources */,
				4F3F5B1823E1D9AD006306CE /* ViewController.swift in Sources */,
				4F3F5B6C23E1D9BE006306CE /* DatasetReader.swift in Sources */,
				4F3F5B8A23E1D9BE006306CE /* AveragePool+Metal.swift in Sources */,
				4F3F5B6A23E1D9BE006306CE /* metal_utils.metal in Sources */,
				4F3F5B6523E1D9BE006306CE /* d2.swift in Sources */,
				4F3F5B7323E1D9BE006306CE /* AutoRunner.swift in Sources */,
				4F3F5B6D23E1D9BE006306CE /* MNISTReader.swift in Sources */,
				4F3F5B8623E1D9BE006306CE /* MaxPool.swift in Sources */,
				4F3F5B7C23E1D9BE006306CE /* Dense.swift in Sources */,
				4F3F5B8423E1D9BE006306CE /* ReLU.swift in Sources */,
				4F3F5B8523E1D9BE006306CE /* maxpool_m.metal in Sources */,
				4F3F5B1423E1D9AD006306CE /* AppDelegate.swift in Sources */,
				4F3F5B8123E1D9BE006306CE /* conv_m.metal in Sources */,
				4F3F5B7723E1D9BE006306CE /* Forwardable.swift in Sources */,
				4F3F5B8823E1D9BE006306CE /* BasePool.swift in Sources */,
				4F3F5B8C23E1D9BE006306CE /* Layer.swift in Sources */,
				4F3F5B7A23E1D9BE006306CE /* Container.swift in Sources */,
				4F3F5B7523E1D9BE006306CE /* NormalRandom.swift in Sources */,
				4F3F5B6923E1D9BE006306CE /* Step+Metal.swift in Sources */,
				4F3F5B8723E1D9BE006306CE /* MaxPool+Metal.swift in Sources */,
				4F3F5B8023E1D9BE006306CE /* Conv+Metal.swift in Sources */,
				4F3F5B7923E1D9BE006306CE /* Sequential.swift in Sources */,
				4F3F5B6F23E1D9BE006306CE /* ImageReader.swift in Sources */,
				4F3F5B6623E1D9BE006306CE /* svm.swift in Sources */,
				4F3F5B6B23E1D9BE006306CE /* Core.swift in Sources */,
				4F3F5B7D23E1D9BE006306CE /* Dense+Metal.swift in Sources */,
				4F3F5B8B23E1D9BE006306CE /* averagepool_m.metal in Sources */,
				4F3F5B1623E1D9AD006306CE /* SceneDelegate.swift in Sources */,
				4F3F5B8923E1D9BE006306CE /* AveragePool.swift in Sources */,
				4F3F5B7823E1D9BE006306CE /* BaseContainer.swift in Sources */,
				4F3F5B7123E1D9BE006306CE /* Storagable.swift in Sources */,
				4F3F5B8223E1D9BE006306CE /* relu_m.metal in Sources */,
				4F3F5B7623E1D9BE006306CE /* LLVector.swift in Sources */,
				4F3F5B7423E1D9BE006306CE /* NNArray.swift in Sources */,
				4F3F5B7223E1D9BE006306CE /* ThreadPool.swift in Sources */,
			);
			runOnlyForDeploymentPostprocessing = 0;
		};
/* End PBXSourcesBuildPhase section */

/* Begin PBXVariantGroup section */
		4F3F5B1923E1D9AD006306CE /* Main.storyboard */ = {
			isa = PBXVariantGroup;
			children = (
				4F3F5B1A23E1D9AD006306CE /* Base */,
			);
			name = Main.storyboard;
			sourceTree = "<group>";
		};
		4F3F5B1E23E1D9AF006306CE /* LaunchScreen.storyboard */ = {
			isa = PBXVariantGroup;
			children = (
				4F3F5B1F23E1D9AF006306CE /* Base */,
			);
			name = LaunchScreen.storyboard;
			sourceTree = "<group>";
		};
/* End PBXVariantGroup section */

/* Begin XCBuildConfiguration section */
		4F3F5B2223E1D9AF006306CE /* Debug */ = {
			isa = XCBuildConfiguration;
			buildSettings = {
				ALWAYS_SEARCH_USER_PATHS = NO;
				CLANG_ANALYZER_NONNULL = YES;
				CLANG_ANALYZER_NUMBER_OBJECT_CONVERSION = YES_AGGRESSIVE;
				CLANG_CXX_LANGUAGE_STANDARD = "gnu++14";
				CLANG_CXX_LIBRARY = "libc++";
				CLANG_ENABLE_MODULES = YES;
				CLANG_ENABLE_OBJC_ARC = YES;
				CLANG_ENABLE_OBJC_WEAK = YES;
				CLANG_WARN_BLOCK_CAPTURE_AUTORELEASING = YES;
				CLANG_WARN_BOOL_CONVERSION = YES;
				CLANG_WARN_COMMA = YES;
				CLANG_WARN_CONSTANT_CONVERSION = YES;
				CLANG_WARN_DEPRECATED_OBJC_IMPLEMENTATIONS = YES;
				CLANG_WARN_DIRECT_OBJC_ISA_USAGE = YES_ERROR;
				CLANG_WARN_DOCUMENTATION_COMMENTS = YES;
				CLANG_WARN_EMPTY_BODY = YES;
				CLANG_WARN_ENUM_CONVERSION = YES;
				CLANG_WARN_INFINITE_RECURSION = YES;
				CLANG_WARN_INT_CONVERSION = YES;
				CLANG_WARN_NON_LITERAL_NULL_CONVERSION = YES;
				CLANG_WARN_OBJC_IMPLICIT_RETAIN_SELF = YES;
				CLANG_WARN_OBJC_LITERAL_CONVERSION = YES;
				CLANG_WARN_OBJC_ROOT_CLASS = YES_ERROR;
				CLANG_WARN_RANGE_LOOP_ANALYSIS = YES;
				CLANG_WARN_STRICT_PROTOTYPES = YES;
				CLANG_WARN_SUSPICIOUS_MOVE = YES;
				CLANG_WARN_UNGUARDED_AVAILABILITY = YES_AGGRESSIVE;
				CLANG_WARN_UNREACHABLE_CODE = YES;
				CLANG_WARN__DUPLICATE_METHOD_MATCH = YES;
				COPY_PHASE_STRIP = NO;
				DEBUG_INFORMATION_FORMAT = dwarf;
				ENABLE_STRICT_OBJC_MSGSEND = YES;
				ENABLE_TESTABILITY = YES;
				GCC_C_LANGUAGE_STANDARD = gnu11;
				GCC_DYNAMIC_NO_PIC = NO;
				GCC_NO_COMMON_BLOCKS = YES;
				GCC_OPTIMIZATION_LEVEL = 0;
				GCC_PREPROCESSOR_DEFINITIONS = (
					"DEBUG=1",
					"$(inherited)",
				);
				GCC_WARN_64_TO_32_BIT_CONVERSION = YES;
				GCC_WARN_ABOUT_RETURN_TYPE = YES_ERROR;
				GCC_WARN_UNDECLARED_SELECTOR = YES;
				GCC_WARN_UNINITIALIZED_AUTOS = YES_AGGRESSIVE;
				GCC_WARN_UNUSED_FUNCTION = YES;
				GCC_WARN_UNUSED_VARIABLE = YES;
				IPHONEOS_DEPLOYMENT_TARGET = 13.2;
				MTL_ENABLE_DEBUG_INFO = INCLUDE_SOURCE;
				MTL_FAST_MATH = YES;
				ONLY_ACTIVE_ARCH = YES;
				SDKROOT = iphoneos;
				SWIFT_ACTIVE_COMPILATION_CONDITIONS = DEBUG;
				SWIFT_OPTIMIZATION_LEVEL = "-Onone";
			};
			name = Debug;
		};
		4F3F5B2323E1D9AF006306CE /* Release */ = {
			isa = XCBuildConfiguration;
			buildSettings = {
				ALWAYS_SEARCH_USER_PATHS = NO;
				CLANG_ANALYZER_NONNULL = YES;
				CLANG_ANALYZER_NUMBER_OBJECT_CONVERSION = YES_AGGRESSIVE;
				CLANG_CXX_LANGUAGE_STANDARD = "gnu++14";
				CLANG_CXX_LIBRARY = "libc++";
				CLANG_ENABLE_MODULES = YES;
				CLANG_ENABLE_OBJC_ARC = YES;
				CLANG_ENABLE_OBJC_WEAK = YES;
				CLANG_WARN_BLOCK_CAPTURE_AUTORELEASING = YES;
				CLANG_WARN_BOOL_CONVERSION = YES;
				CLANG_WARN_COMMA = YES;
				CLANG_WARN_CONSTANT_CONVERSION = YES;
				CLANG_WARN_DEPRECATED_OBJC_IMPLEMENTATIONS = YES;
				CLANG_WARN_DIRECT_OBJC_ISA_USAGE = YES_ERROR;
				CLANG_WARN_DOCUMENTATION_COMMENTS = YES;
				CLANG_WARN_EMPTY_BODY = YES;
				CLANG_WARN_ENUM_CONVERSION = YES;
				CLANG_WARN_INFINITE_RECURSION = YES;
				CLANG_WARN_INT_CONVERSION = YES;
				CLANG_WARN_NON_LITERAL_NULL_CONVERSION = YES;
				CLANG_WARN_OBJC_IMPLICIT_RETAIN_SELF = YES;
				CLANG_WARN_OBJC_LITERAL_CONVERSION = YES;
				CLANG_WARN_OBJC_ROOT_CLASS = YES_ERROR;
				CLANG_WARN_RANGE_LOOP_ANALYSIS = YES;
				CLANG_WARN_STRICT_PROTOTYPES = YES;
				CLANG_WARN_SUSPICIOUS_MOVE = YES;
				CLANG_WARN_UNGUARDED_AVAILABILITY = YES_AGGRESSIVE;
				CLANG_WARN_UNREACHABLE_CODE = YES;
				CLANG_WARN__DUPLICATE_METHOD_MATCH = YES;
				COPY_PHASE_STRIP = NO;
				DEBUG_INFORMATION_FORMAT = "dwarf-with-dsym";
				ENABLE_NS_ASSERTIONS = NO;
				ENABLE_STRICT_OBJC_MSGSEND = YES;
				GCC_C_LANGUAGE_STANDARD = gnu11;
				GCC_NO_COMMON_BLOCKS = YES;
				GCC_WARN_64_TO_32_BIT_CONVERSION = YES;
				GCC_WARN_ABOUT_RETURN_TYPE = YES_ERROR;
				GCC_WARN_UNDECLARED_SELECTOR = YES;
				GCC_WARN_UNINITIALIZED_AUTOS = YES_AGGRESSIVE;
				GCC_WARN_UNUSED_FUNCTION = YES;
				GCC_WARN_UNUSED_VARIABLE = YES;
				IPHONEOS_DEPLOYMENT_TARGET = 13.2;
				MTL_ENABLE_DEBUG_INFO = NO;
				MTL_FAST_MATH = YES;
				SDKROOT = iphoneos;
				SWIFT_COMPILATION_MODE = wholemodule;
				SWIFT_OPTIMIZATION_LEVEL = "-O";
				VALIDATE_PRODUCT = YES;
			};
			name = Release;
		};
		4F3F5B2523E1D9AF006306CE /* Debug */ = {
			isa = XCBuildConfiguration;
			buildSettings = {
				ASSETCATALOG_COMPILER_APPICON_NAME = AppIcon;
				CODE_SIGN_STYLE = Automatic;
				DEVELOPMENT_TEAM = 54YMT4F4W9;
				INFOPLIST_FILE = "mnist-ios/Info.plist";
				LD_RUNPATH_SEARCH_PATHS = (
					"$(inherited)",
					"@executable_path/Frameworks",
				);
				PRODUCT_BUNDLE_IDENTIFIER = "com.future-code-institute.mnist-ios";
				PRODUCT_NAME = "$(TARGET_NAME)";
				SWIFT_VERSION = 5.0;
				TARGETED_DEVICE_FAMILY = "1,2";
			};
			name = Debug;
		};
		4F3F5B2623E1D9AF006306CE /* Release */ = {
			isa = XCBuildConfiguration;
			buildSettings = {
				ASSETCATALOG_COMPILER_APPICON_NAME = AppIcon;
				CODE_SIGN_STYLE = Automatic;
				DEVELOPMENT_TEAM = 54YMT4F4W9;
				INFOPLIST_FILE = "mnist-ios/Info.plist";
				LD_RUNPATH_SEARCH_PATHS = (
					"$(inherited)",
					"@executable_path/Frameworks",
				);
				PRODUCT_BUNDLE_IDENTIFIER = "com.future-code-institute.mnist-ios";
				PRODUCT_NAME = "$(TARGET_NAME)";
				SWIFT_VERSION = 5.0;
				TARGETED_DEVICE_FAMILY = "1,2";
			};
			name = Release;
		};
/* End XCBuildConfiguration section */

/* Begin XCConfigurationList section */
		4F3F5B0B23E1D9AD006306CE /* Build configuration list for PBXProject "mnist-ios" */ = {
			isa = XCConfigurationList;
			buildConfigurations = (
				4F3F5B2223E1D9AF006306CE /* Debug */,
				4F3F5B2323E1D9AF006306CE /* Release */,
			);
			defaultConfigurationIsVisible = 0;
			defaultConfigurationName = Release;
		};
		4F3F5B2423E1D9AF006306CE /* Build configuration list for PBXNativeTarget "mnist-ios" */ = {
			isa = XCConfigurationList;
			buildConfigurations = (
				4F3F5B2523E1D9AF006306CE /* Debug */,
				4F3F5B2623E1D9AF006306CE /* Release */,
			);
			defaultConfigurationIsVisible = 0;
			defaultConfigurationName = Release;
		};
/* End XCConfigurationList section */
	};
	rootObject = 4F3F5B0823E1D9AD006306CE /* Project object */;
}
